
Microsoft Visual Studio Solution File, Format Version 12.00
# Visual Studio Version 17
VisualStudioVersion = 17.12.35707.178
MinimumVisualStudioVersion = 10.0.40219.1
Project("{FAE04EC0-301F-11D3-BF4B-00C04F79EFBC}") = "QuickRoute", "QuickRoute\QuickRoute\QuickRoute.csproj", "{49BD7D42-FA70-4480-830F-20200EF235CD}"
EndProject
Project("{FAE04EC0-301F-11D3-BF4B-00C04F79EFBC}") = "QuickRoute.Client", "QuickRoute\QuickRoute.Client\QuickRoute.Client.csproj", "{EF0CB712-AE31-444C-AB5E-D8B3FF275551}"
EndProject
Global
	GlobalSection(SolutionConfigurationPlatforms) = preSolution
		Debug|Any CPU = Debug|Any CPU
		Release|Any CPU = Release|Any CPU
	EndGlobalSection
	GlobalSection(ProjectConfigurationPlatforms) = postSolution
		{49BD7D42-FA70-4480-830F-20200EF235CD}.Debug|Any CPU.ActiveCfg = Debug|Any CPU
		{49BD7D42-FA70-4480-830F-20200EF235CD}.Debug|Any CPU.Build.0 = Debug|Any CPU
		{49BD7D42-FA70-4480-830F-20200EF235CD}.Release|Any CPU.ActiveCfg = Release|Any CPU
		{49BD7D42-FA70-4480-830F-20200EF235CD}.Release|Any CPU.Build.0 = Release|Any CPU
		{EF0CB712-AE31-444C-AB5E-D8B3FF275551}.Debug|Any CPU.ActiveCfg = Debug|Any CPU
		{EF0CB712-AE31-444C-AB5E-D8B3FF275551}.Debug|Any CPU.Build.0 = Debug|Any CPU
		{EF0CB712-AE31-444C-AB5E-D8B3FF275551}.Release|Any CPU.ActiveCfg = Release|Any CPU
		{EF0CB712-AE31-444C-AB5E-D8B3FF275551}.Release|Any CPU.Build.0 = Release|Any CPU
	EndGlobalSection
	GlobalSection(SolutionProperties) = preSolution
		HideSolutionNode = FALSE
	EndGlobalSection
EndGlobal
